// !$*UTF8*$!
{
	archiveVersion = 1;
	classes = {
	};
	objectVersion = 46;
	objects = {

/* Begin PBXBuildFile section */
		DA049F861ECEC746000B2C6B /* main.m in Sources */ = {isa = PBXBuildFile; fileRef = DA049F851ECEC746000B2C6B /* main.m */; };
		DA049F891ECEC746000B2C6B /* AppDelegate.m in Sources */ = {isa = PBXBuildFile; fileRef = DA049F881ECEC746000B2C6B /* AppDelegate.m */; };
		DA049F8C1ECEC746000B2C6B /* ViewController.m in Sources */ = {isa = PBXBuildFile; fileRef = DA049F8B1ECEC746000B2C6B /* ViewController.m */; };
		DA049F8F1ECEC746000B2C6B /* Main.storyboard in Resources */ = {isa = PBXBuildFile; fileRef = DA049F8D1ECEC746000B2C6B /* Main.storyboard */; };
		DA049F911ECEC746000B2C6B /* Assets.xcassets in Resources */ = {isa = PBXBuildFile; fileRef = DA049F901ECEC746000B2C6B /* Assets.xcassets */; };
		DA049F941ECEC746000B2C6B /* LaunchScreen.storyboard in Resources */ = {isa = PBXBuildFile; fileRef = DA049F921ECEC746000B2C6B /* LaunchScreen.storyboard */; };
		DA49A0481F0CD21600948836 /* PGBaseInfoView.m in Sources */ = {isa = PBXBuildFile; fileRef = DA49A03E1F0CD21600948836 /* PGBaseInfoView.m */; };
		DA49A0491F0CD21600948836 /* PGInputTextView.m in Sources */ = {isa = PBXBuildFile; fileRef = DA49A0401F0CD21600948836 /* PGInputTextView.m */; };
		DA49A04A1F0CD21600948836 /* PGStepBaseView.m in Sources */ = {isa = PBXBuildFile; fileRef = DA49A0431F0CD21600948836 /* PGStepBaseView.m */; };
		DA49A04B1F0CD21600948836 /* PGStepBottom.m in Sources */ = {isa = PBXBuildFile; fileRef = DA49A0451F0CD21600948836 /* PGStepBottom.m */; };
		DA49A04C1F0CD21600948836 /* PGStepTop.m in Sources */ = {isa = PBXBuildFile; fileRef = DA49A0471F0CD21600948836 /* PGStepTop.m */; };
		DA49A04F1F0CECAD00948836 /* img-pg16-h-drop-down@2x.png in Resources */ = {isa = PBXBuildFile; fileRef = DA49A04D1F0CECAD00948836 /* img-pg16-h-drop-down@2x.png */; };
		DA49A0501F0CECAD00948836 /* img-pg16-h-drop-down@3x.png in Resources */ = {isa = PBXBuildFile; fileRef = DA49A04E1F0CECAD00948836 /* img-pg16-h-drop-down@3x.png */; };
		DA49A0531F0CECF000948836 /* img-pg16-h-calendar@2x.png in Resources */ = {isa = PBXBuildFile; fileRef = DA49A0511F0CECF000948836 /* img-pg16-h-calendar@2x.png */; };
		DA49A0541F0CECF000948836 /* img-pg16-h-calendar@3x.png in Resources */ = {isa = PBXBuildFile; fileRef = DA49A0521F0CECF000948836 /* img-pg16-h-calendar@3x.png */; };
		DA7AD3631F29CF7700442500 /* PGOperationProgressView.m in Sources */ = {isa = PBXBuildFile; fileRef = DA7AD3621F29CF7700442500 /* PGOperationProgressView.m */; };
/* End PBXBuildFile section */

/* Begin PBXFileReference section */
		DA049F811ECEC746000B2C6B /* OperationStepDemo.app */ = {isa = PBXFileReference; explicitFileType = wrapper.application; includeInIndex = 0; path = OperationStepDemo.app; sourceTree = BUILT_PRODUCTS_DIR; };
		DA049F851ECEC746000B2C6B /* main.m */ = {isa = PBXFileReference; lastKnownFileType = sourcecode.c.objc; path = main.m; sourceTree = "<group>"; };
		DA049F871ECEC746000B2C6B /* AppDelegate.h */ = {isa = PBXFileReference; lastKnownFileType = sourcecode.c.h; path = AppDelegate.h; sourceTree = "<group>"; };
		DA049F881ECEC746000B2C6B /* AppDelegate.m */ = {isa = PBXFileReference; lastKnownFileType = sourcecode.c.objc; path = AppDelegate.m; sourceTree = "<group>"; };
		DA049F8A1ECEC746000B2C6B /* ViewController.h */ = {isa = PBXFileReference; lastKnownFileType = sourcecode.c.h; path = ViewController.h; sourceTree = "<group>"; };
		DA049F8B1ECEC746000B2C6B /* ViewController.m */ = {isa = PBXFileReference; lastKnownFileType = sourcecode.c.objc; path = ViewController.m; sourceTree = "<group>"; };
		DA049F8E1ECEC746000B2C6B /* Base */ = {isa = PBXFileReference; lastKnownFileType = file.storyboard; name = Base; path = Base.lproj/Main.storyboard; sourceTree = "<group>"; };
		DA049F901ECEC746000B2C6B /* Assets.xcassets */ = {isa = PBXFileReference; lastKnownFileType = folder.assetcatalog; path = Assets.xcassets; sourceTree = "<group>"; };
		DA049F931ECEC746000B2C6B /* Base */ = {isa = PBXFileReference; lastKnownFileType = file.storyboard; name = Base; path = Base.lproj/LaunchScreen.storyboard; sourceTree = "<group>"; };
		DA049F951ECEC746000B2C6B /* Info.plist */ = {isa = PBXFileReference; lastKnownFileType = text.plist.xml; path = Info.plist; sourceTree = "<group>"; };
		DA49A03D1F0CD21600948836 /* PGBaseInfoView.h */ = {isa = PBXFileReference; fileEncoding = 4; lastKnownFileType = sourcecode.c.h; path = PGBaseInfoView.h; sourceTree = "<group>"; };
		DA49A03E1F0CD21600948836 /* PGBaseInfoView.m */ = {isa = PBXFileReference; fileEncoding = 4; lastKnownFileType = sourcecode.c.objc; path = PGBaseInfoView.m; sourceTree = "<group>"; };
		DA49A03F1F0CD21600948836 /* PGInputTextView.h */ = {isa = PBXFileReference; fileEncoding = 4; lastKnownFileType = sourcecode.c.h; path = PGInputTextView.h; sourceTree = "<group>"; };
		DA49A0401F0CD21600948836 /* PGInputTextView.m */ = {isa = PBXFileReference; fileEncoding = 4; lastKnownFileType = sourcecode.c.objc; path = PGInputTextView.m; sourceTree = "<group>"; };
		DA49A0421F0CD21600948836 /* PGStepBaseView.h */ = {isa = PBXFileReference; fileEncoding = 4; lastKnownFileType = sourcecode.c.h; path = PGStepBaseView.h; sourceTree = "<group>"; };
		DA49A0431F0CD21600948836 /* PGStepBaseView.m */ = {isa = PBXFileReference; fileEncoding = 4; lastKnownFileType = sourcecode.c.objc; path = PGStepBaseView.m; sourceTree = "<group>"; };
		DA49A0441F0CD21600948836 /* PGStepBottom.h */ = {isa = PBXFileReference; fileEncoding = 4; lastKnownFileType = sourcecode.c.h; path = PGStepBottom.h; sourceTree = "<group>"; };
		DA49A0451F0CD21600948836 /* PGStepBottom.m */ = {isa = PBXFileReference; fileEncoding = 4; lastKnownFileType = sourcecode.c.objc; path = PGStepBottom.m; sourceTree = "<group>"; };
		DA49A0461F0CD21600948836 /* PGStepTop.h */ = {isa = PBXFileReference; fileEncoding = 4; lastKnownFileType = sourcecode.c.h; path = PGStepTop.h; sourceTree = "<group>"; };
		DA49A0471F0CD21600948836 /* PGStepTop.m */ = {isa = PBXFileReference; fileEncoding = 4; lastKnownFileType = sourcecode.c.objc; path = PGStepTop.m; sourceTree = "<group>"; };
		DA49A04D1F0CECAD00948836 /* img-pg16-h-drop-down@2x.png */ = {isa = PBXFileReference; lastKnownFileType = image.png; path = "img-pg16-h-drop-down@2x.png"; sourceTree = "<group>"; };
		DA49A04E1F0CECAD00948836 /* img-pg16-h-drop-down@3x.png */ = {isa = PBXFileReference; lastKnownFileType = image.png; path = "img-pg16-h-drop-down@3x.png"; sourceTree = "<group>"; };
		DA49A0511F0CECF000948836 /* img-pg16-h-calendar@2x.png */ = {isa = PBXFileReference; lastKnownFileType = image.png; path = "img-pg16-h-calendar@2x.png"; sourceTree = "<group>"; };
		DA49A0521F0CECF000948836 /* img-pg16-h-calendar@3x.png */ = {isa = PBXFileReference; lastKnownFileType = image.png; path = "img-pg16-h-calendar@3x.png"; sourceTree = "<group>"; };
		DA7AD3611F29CF7700442500 /* PGOperationProgressView.h */ = {isa = PBXFileReference; fileEncoding = 4; lastKnownFileType = sourcecode.c.h; path = PGOperationProgressView.h; sourceTree = "<group>"; };
		DA7AD3621F29CF7700442500 /* PGOperationProgressView.m */ = {isa = PBXFileReference; fileEncoding = 4; lastKnownFileType = sourcecode.c.objc; path = PGOperationProgressView.m; sourceTree = "<group>"; };
/* End PBXFileReference section */

/* Begin PBXFrameworksBuildPhase section */
		DA049F7E1ECEC746000B2C6B /* Frameworks */ = {
			isa = PBXFrameworksBuildPhase;
			buildActionMask = 2147483647;
			files = (
			);
			runOnlyForDeploymentPostprocessing = 0;
		};
/* End PBXFrameworksBuildPhase section */

/* Begin PBXGroup section */
		DA049F781ECEC746000B2C6B = {
			isa = PBXGroup;
			children = (
				DA049F831ECEC746000B2C6B /* OperationStepDemo */,
				DA049F821ECEC746000B2C6B /* Products */,
			);
			sourceTree = "<group>";
		};
		DA049F821ECEC746000B2C6B /* Products */ = {
			isa = PBXGroup;
			children = (
				DA049F811ECEC746000B2C6B /* OperationStepDemo.app */,
			);
			name = Products;
			sourceTree = "<group>";
		};
		DA049F831ECEC746000B2C6B /* OperationStepDemo */ = {
			isa = PBXGroup;
			children = (
				DA49A03B1F0CD21600948836 /* PGOperationView */,
				DA049F871ECEC746000B2C6B /* AppDelegate.h */,
				DA049F881ECEC746000B2C6B /* AppDelegate.m */,
				DA049F8A1ECEC746000B2C6B /* ViewController.h */,
				DA049F8B1ECEC746000B2C6B /* ViewController.m */,
				DA049F8D1ECEC746000B2C6B /* Main.storyboard */,
				DA049F901ECEC746000B2C6B /* Assets.xcassets */,
				DA049F921ECEC746000B2C6B /* LaunchScreen.storyboard */,
				DA049F951ECEC746000B2C6B /* Info.plist */,
				DA49A0511F0CECF000948836 /* img-pg16-h-calendar@2x.png */,
				DA49A0521F0CECF000948836 /* img-pg16-h-calendar@3x.png */,
				DA49A04D1F0CECAD00948836 /* img-pg16-h-drop-down@2x.png */,
				DA49A04E1F0CECAD00948836 /* img-pg16-h-drop-down@3x.png */,
				DA049F841ECEC746000B2C6B /* Supporting Files */,
			);
			path = OperationStepDemo;
			sourceTree = "<group>";
		};
		DA049F841ECEC746000B2C6B /* Supporting Files */ = {
			isa = PBXGroup;
			children = (
				DA049F851ECEC746000B2C6B /* main.m */,
			);
			name = "Supporting Files";
			sourceTree = "<group>";
		};
		DA49A03B1F0CD21600948836 /* PGOperationView */ = {
			isa = PBXGroup;
			children = (
				DA49A03C1F0CD21600948836 /* PGBaseInfoView */,
				DA49A0411F0CD21600948836 /* PGStepView */,
			);
			path = PGOperationView;
			sourceTree = "<group>";
		};
		DA49A03C1F0CD21600948836 /* PGBaseInfoView */ = {
			isa = PBXGroup;
			children = (
				DA49A03D1F0CD21600948836 /* PGBaseInfoView.h */,
				DA49A03E1F0CD21600948836 /* PGBaseInfoView.m */,
				DA49A03F1F0CD21600948836 /* PGInputTextView.h */,
				DA49A0401F0CD21600948836 /* PGInputTextView.m */,
			);
			path = PGBaseInfoView;
			sourceTree = "<group>";
		};
		DA49A0411F0CD21600948836 /* PGStepView */ = {
			isa = PBXGroup;
			children = (
				DA49A0421F0CD21600948836 /* PGStepBaseView.h */,
				DA49A0431F0CD21600948836 /* PGStepBaseView.m */,
				DA49A0441F0CD21600948836 /* PGStepBottom.h */,
				DA49A0451F0CD21600948836 /* PGStepBottom.m */,
				DA49A0461F0CD21600948836 /* PGStepTop.h */,
				DA49A0471F0CD21600948836 /* PGStepTop.m */,
				DA7AD3611F29CF7700442500 /* PGOperationProgressView.h */,
				DA7AD3621F29CF7700442500 /* PGOperationProgressView.m */,
			);
			path = PGStepView;
			sourceTree = "<group>";
		};
/* End PBXGroup section */

/* Begin PBXNativeTarget section */
		DA049F801ECEC746000B2C6B /* OperationStepDemo */ = {
			isa = PBXNativeTarget;
			buildConfigurationList = DA049F981ECEC746000B2C6B /* Build configuration list for PBXNativeTarget "OperationStepDemo" */;
			buildPhases = (
				DA049F7D1ECEC746000B2C6B /* Sources */,
				DA049F7E1ECEC746000B2C6B /* Frameworks */,
				DA049F7F1ECEC746000B2C6B /* Resources */,
			);
			buildRules = (
			);
			dependencies = (
			);
			name = OperationStepDemo;
			productName = OperationStepDemo;
			productReference = DA049F811ECEC746000B2C6B /* OperationStepDemo.app */;
			productType = "com.apple.product-type.application";
		};
/* End PBXNativeTarget section */

/* Begin PBXProject section */
		DA049F791ECEC746000B2C6B /* Project object */ = {
			isa = PBXProject;
			attributes = {
				LastUpgradeCheck = 0820;
				ORGANIZATIONNAME = "姚东";
				TargetAttributes = {
					DA049F801ECEC746000B2C6B = {
						CreatedOnToolsVersion = 8.2;
						DevelopmentTeam = VT5FYP293R;
						ProvisioningStyle = Automatic;
					};
				};
			};
			buildConfigurationList = DA049F7C1ECEC746000B2C6B /* Build configuration list for PBXProject "OperationStepDemo" */;
			compatibilityVersion = "Xcode 3.2";
			developmentRegion = English;
			hasScannedForEncodings = 0;
			knownRegions = (
				en,
				Base,
			);
			mainGroup = DA049F781ECEC746000B2C6B;
			productRefGroup = DA049F821ECEC746000B2C6B /* Products */;
			projectDirPath = "";
			projectRoot = "";
			targets = (
				DA049F801ECEC746000B2C6B /* OperationStepDemo */,
			);
		};
/* End PBXProject section */

/* Begin PBXResourcesBuildPhase section */
		DA049F7F1ECEC746000B2C6B /* Resources */ = {
			isa = PBXResourcesBuildPhase;
			buildActionMask = 2147483647;
			files = (
				DA49A04F1F0CECAD00948836 /* img-pg16-h-drop-down@2x.png in Resources */,
				DA049F941ECEC746000B2C6B /* LaunchScreen.storyboard in Resources */,
				DA049F911ECEC746000B2C6B /* Assets.xcassets in Resources */,
				DA49A0541F0CECF000948836 /* img-pg16-h-calendar@3x.png in Resources */,
				DA49A0501F0CECAD00948836 /* img-pg16-h-drop-down@3x.png in Resources */,
				DA049F8F1ECEC746000B2C6B /* Main.storyboard in Resources */,
				DA49A0531F0CECF000948836 /* img-pg16-h-calendar@2x.png in Resources */,
			);
			runOnlyForDeploymentPostprocessing = 0;
		};
/* End PBXResourcesBuildPhase section */

/* Begin PBXSourcesBuildPhase section */
		DA049F7D1ECEC746000B2C6B /* Sources */ = {
			isa = PBXSourcesBuildPhase;
			buildActionMask = 2147483647;
			files = (
				DA49A0481F0CD21600948836 /* PGBaseInfoView.m in Sources */,
				DA049F8C1ECEC746000B2C6B /* ViewController.m in Sources */,
				DA49A04A1F0CD21600948836 /* PGStepBaseView.m in Sources */,
				DA7AD3631F29CF7700442500 /* PGOperationProgressView.m in Sources */,
				DA49A04B1F0CD21600948836 /* PGStepBottom.m in Sources */,
				DA49A04C1F0CD21600948836 /* PGStepTop.m in Sources */,
				DA49A0491F0CD21600948836 /* PGInputTextView.m in Sources */,
				DA049F891ECEC746000B2C6B /* AppDelegate.m in Sources */,
				DA049F861ECEC746000B2C6B /* main.m in Sources */,
			);
			runOnlyForDeploymentPostprocessing = 0;
		};
/* End PBXSourcesBuildPhase section */

/* Begin PBXVariantGroup section */
		DA049F8D1ECEC746000B2C6B /* Main.storyboard */ = {
			isa = PBXVariantGroup;
			children = (
				DA049F8E1ECEC746000B2C6B /* Base */,
			);
			name = Main.storyboard;
			sourceTree = "<group>";
		};
		DA049F921ECEC746000B2C6B /* LaunchScreen.storyboard */ = {
			isa = PBXVariantGroup;
			children = (
				DA049F931ECEC746000B2C6B /* Base */,
			);
			name = LaunchScreen.storyboard;
			sourceTree = "<group>";
		};
/* End PBXVariantGroup section */

/* Begin XCBuildConfiguration section */
		DA049F961ECEC746000B2C6B /* Debug */ = {
			isa = XCBuildConfiguration;
			buildSettings = {
				ALWAYS_SEARCH_USER_PATHS = NO;
				CLANG_ANALYZER_NONNULL = YES;
				CLANG_CXX_LANGUAGE_STANDARD = "gnu++0x";
				CLANG_CXX_LIBRARY = "libc++";
				CLANG_ENABLE_MODULES = YES;
				CLANG_ENABLE_OBJC_ARC = YES;
				CLANG_WARN_BOOL_CONVERSION = YES;
				CLANG_WARN_CONSTANT_CONVERSION = YES;
				CLANG_WARN_DIRECT_OBJC_ISA_USAGE = YES_ERROR;
				CLANG_WARN_DOCUMENTATION_COMMENTS = YES;
				CLANG_WARN_EMPTY_BODY = YES;
				CLANG_WARN_ENUM_CONVERSION = YES;
				CLANG_WARN_INFINITE_RECURSION = YES;
				CLANG_WARN_INT_CONVERSION = YES;
				CLANG_WARN_OBJC_ROOT_CLASS = YES_ERROR;
				CLANG_WARN_SUSPICIOUS_MOVE = YES;
				CLANG_WARN_UNREACHABLE_CODE = YES;
				CLANG_WARN__DUPLICATE_METHOD_MATCH = YES;
				"CODE_SIGN_IDENTITY[sdk=iphoneos*]" = "iPhone Developer";
				COPY_PHASE_STRIP = NO;
				DEBUG_INFORMATION_FORMAT = dwarf;
				ENABLE_STRICT_OBJC_MSGSEND = YES;
				ENABLE_TESTABILITY = YES;
				GCC_C_LANGUAGE_STANDARD = gnu99;
				GCC_DYNAMIC_NO_PIC = NO;
				GCC_NO_COMMON_BLOCKS = YES;
				GCC_OPTIMIZATION_LEVEL = 0;
				GCC_PREPROCESSOR_DEFINITIONS = (
					"DEBUG=1",
					"$(inherited)",
				);
				GCC_WARN_64_TO_32_BIT_CONVERSION = YES;
				GCC_WARN_ABOUT_RETURN_TYPE = YES_ERROR;
				GCC_WARN_UNDECLARED_SELECTOR = YES;
				GCC_WARN_UNINITIALIZED_AUTOS = YES_AGGRESSIVE;
				GCC_WARN_UNUSED_FUNCTION = YES;
				GCC_WARN_UNUSED_VARIABLE = YES;
				IPHONEOS_DEPLOYMENT_TARGET = 10.2;
				MTL_ENABLE_DEBUG_INFO = YES;
				ONLY_ACTIVE_ARCH = YES;
				SDKROOT = iphoneos;
				TARGETED_DEVICE_FAMILY = "1,2";
			};
			name = Debug;
		};
		DA049F971ECEC746000B2C6B /* Release */ = {
			isa = XCBuildConfiguration;
			buildSettings = {
				ALWAYS_SEARCH_USER_PATHS = NO;
				CLANG_ANALYZER_NONNULL = YES;
				CLANG_CXX_LANGUAGE_STANDARD = "gnu++0x";
				CLANG_CXX_LIBRARY = "libc++";
				CLANG_ENABLE_MODULES = YES;
				CLANG_ENABLE_OBJC_ARC = YES;
				CLANG_WARN_BOOL_CONVERSION = YES;
				CLANG_WARN_CONSTANT_CONVERSION = YES;
				CLANG_WARN_DIRECT_OBJC_ISA_USAGE = YES_ERROR;
				CLANG_WARN_DOCUMENTATION_COMMENTS = YES;
				CLANG_WARN_EMPTY_BODY = YES;
				CLANG_WARN_ENUM_CONVERSION = YES;
				CLANG_WARN_INFINITE_RECURSION = YES;
				CLANG_WARN_INT_CONVERSION = YES;
				CLANG_WARN_OBJC_ROOT_CLASS = YES_ERROR;
				CLANG_WARN_SUSPICIOUS_MOVE = YES;
				CLANG_WARN_UNREACHABLE_CODE = YES;
				CLANG_WARN__DUPLICATE_METHOD_MATCH = YES;
				"CODE_SIGN_IDENTITY[sdk=iphoneos*]" = "iPhone Developer";
				COPY_PHASE_STRIP = NO;
				DEBUG_INFORMATION_FORMAT = "dwarf-with-dsym";
				ENABLE_NS_ASSERTIONS = NO;
				ENABLE_STRICT_OBJC_MSGSEND = YES;
				GCC_C_LANGUAGE_STANDARD = gnu99;
				GCC_NO_COMMON_BLOCKS = YES;
				GCC_WARN_64_TO_32_BIT_CONVERSION = YES;
				GCC_WARN_ABOUT_RETURN_TYPE = YES_ERROR;
				GCC_WARN_UNDECLARED_SELECTOR = YES;
				GCC_WARN_UNINITIALIZED_AUTOS = YES_AGGRESSIVE;
				GCC_WARN_UNUSED_FUNCTION = YES;
				GCC_WARN_UNUSED_VARIABLE = YES;
				IPHONEOS_DEPLOYMENT_TARGET = 10.2;
				MTL_ENABLE_DEBUG_INFO = NO;
				SDKROOT = iphoneos;
				TARGETED_DEVICE_FAMILY = "1,2";
				VALIDATE_PRODUCT = YES;
			};
			name = Release;
		};
		DA049F991ECEC746000B2C6B /* Debug */ = {
			isa = XCBuildConfiguration;
			buildSettings = {
				ASSETCATALOG_COMPILER_APPICON_NAME = AppIcon;
				"CODE_SIGN_IDENTITY[sdk=iphoneos*]" = "iPhone Developer";
				DEVELOPMENT_TEAM = VT5FYP293R;
				INFOPLIST_FILE = OperationStepDemo/Info.plist;
				IPHONEOS_DEPLOYMENT_TARGET = 8.0;
				LD_RUNPATH_SEARCH_PATHS = "$(inherited) @executable_path/Frameworks";
				PRODUCT_BUNDLE_IDENTIFIER = yd.OperationStepDemo;
				PRODUCT_NAME = "$(TARGET_NAME)";
			};
			name = Debug;
		};
		DA049F9A1ECEC746000B2C6B /* Release */ = {
			isa = XCBuildConfiguration;
			buildSettings = {
				ASSETCATALOG_COMPILER_APPICON_NAME = AppIcon;
				"CODE_SIGN_IDENTITY[sdk=iphoneos*]" = "iPhone Developer";
				DEVELOPMENT_TEAM = VT5FYP293R;
				INFOPLIST_FILE = OperationStepDemo/Info.plist;
				IPHONEOS_DEPLOYMENT_TARGET = 8.0;
				LD_RUNPATH_SEARCH_PATHS = "$(inherited) @executable_path/Frameworks";
				PRODUCT_BUNDLE_IDENTIFIER = yd.OperationStepDemo;
				PRODUCT_NAME = "$(TARGET_NAME)";
			};
			name = Release;
		};
/* End XCBuildConfiguration section */

/* Begin XCConfigurationList section */
		DA049F7C1ECEC746000B2C6B /* Build configuration list for PBXProject "OperationStepDemo" */ = {
			isa = XCConfigurationList;
			buildConfigurations = (
				DA049F961ECEC746000B2C6B /* Debug */,
				DA049F971ECEC746000B2C6B /* Release */,
			);
			defaultConfigurationIsVisible = 0;
			defaultConfigurationName = Release;
		};
		DA049F981ECEC746000B2C6B /* Build configuration list for PBXNativeTarget "OperationStepDemo" */ = {
			isa = XCConfigurationList;
			buildConfigurations = (
				DA049F991ECEC746000B2C6B /* Debug */,
				DA049F9A1ECEC746000B2C6B /* Release */,
			);
			defaultConfigurationIsVisible = 0;
			defaultConfigurationName = Release;
		};
/* End XCConfigurationList section */
	};
	rootObject = DA049F791ECEC746000B2C6B /* Project object */;
}
